
Microsoft Visual Studio Solution File, Format Version 12.00
# Visual Studio Version 18
VisualStudioVersion = 18.6.11819.183 stable
MinimumVisualStudioVersion = 10.0.40219.1
Project("{FAE04EC0-301F-11D3-BF4B-00C04F79EFBC}") = "SistemaLavanderia", "SistemaLavanderia.csproj", "{C22AA111-6BFE-4C40-A35C-2CC2151A0575}"
EndProject
Global
	GlobalSection(SolutionConfigurationPlatforms) = preSolution
		Debug|Any CPU = Debug|Any CPU
		Release|Any CPU = Release|Any CPU
	EndGlobalSection
	GlobalSection(ProjectConfigurationPlatforms) = postSolution
		{C22AA111-6BFE-4C40-A35C-2CC2151A0575}.Debug|Any CPU.ActiveCfg = Debug|Any CPU
		{C22AA111-6BFE-4C40-A35C-2CC2151A0575}.Debug|Any CPU.Build.0 = Debug|Any CPU
		{C22AA111-6BFE-4C40-A35C-2CC2151A0575}.Release|Any CPU.ActiveCfg = Release|Any CPU
		{C22AA111-6BFE-4C40-A35C-2CC2151A0575}.Release|Any CPU.Build.0 = Release|Any CPU
	EndGlobalSection
	GlobalSection(SolutionProperties) = preSolution
		HideSolutionNode = FALSE
	EndGlobalSection
	GlobalSection(ExtensibilityGlobals) = postSolution
		SolutionGuid = {B61A11C6-9808-4B70-94A5-A56317A34924}
	EndGlobalSection
EndGlobal
